// !$*UTF8*$!
{
	archiveVersion = 1;
	classes = {
	};
	objectVersion = 46;
	objects = {

/* Begin PBXBuildFile section */
		3460A2B11BA339F600D9C8E1 /* AppDelegate.swift in Sources */ = {isa = PBXBuildFile; fileRef = 3460A2B01BA339F600D9C8E1 /* AppDelegate.swift */; };
		3460A2B41BA339F600D9C8E1 /* TTTask.xcdatamodeld in Sources */ = {isa = PBXBuildFile; fileRef = 3460A2B21BA339F600D9C8E1 /* TTTask.xcdatamodeld */; };
		3460A2B61BA339F600D9C8E1 /* MasterViewController.swift in Sources */ = {isa = PBXBuildFile; fileRef = 3460A2B51BA339F600D9C8E1 /* MasterViewController.swift */; };
		3460A2B81BA339F600D9C8E1 /* DetailViewController.swift in Sources */ = {isa = PBXBuildFile; fileRef = 3460A2B71BA339F600D9C8E1 /* DetailViewController.swift */; };
		3460A2BB1BA339F600D9C8E1 /* Main.storyboard in Resources */ = {isa = PBXBuildFile; fileRef = 3460A2B91BA339F600D9C8E1 /* Main.storyboard */; };
		3460A2BD1BA339F600D9C8E1 /* Assets.xcassets in Resources */ = {isa = PBXBuildFile; fileRef = 3460A2BC1BA339F600D9C8E1 /* Assets.xcassets */; };
		3460A2C01BA339F600D9C8E1 /* LaunchScreen.storyboard in Resources */ = {isa = PBXBuildFile; fileRef = 3460A2BE1BA339F600D9C8E1 /* LaunchScreen.storyboard */; };
		3460A2CB1BA339F700D9C8E1 /* TTTaskTests.swift in Sources */ = {isa = PBXBuildFile; fileRef = 3460A2CA1BA339F700D9C8E1 /* TTTaskTests.swift */; };
		3460A2D61BA339F700D9C8E1 /* TTTaskUITests.swift in Sources */ = {isa = PBXBuildFile; fileRef = 3460A2D51BA339F700D9C8E1 /* TTTaskUITests.swift */; };
/* End PBXBuildFile section */

/* Begin PBXContainerItemProxy section */
		3460A2C71BA339F700D9C8E1 /* PBXContainerItemProxy */ = {
			isa = PBXContainerItemProxy;
			containerPortal = 3460A2A51BA339F600D9C8E1 /* Project object */;
			proxyType = 1;
			remoteGlobalIDString = 3460A2AC1BA339F600D9C8E1;
			remoteInfo = TTTask;
		};
		3460A2D21BA339F700D9C8E1 /* PBXContainerItemProxy */ = {
			isa = PBXContainerItemProxy;
			containerPortal = 3460A2A51BA339F600D9C8E1 /* Project object */;
			proxyType = 1;
			remoteGlobalIDString = 3460A2AC1BA339F600D9C8E1;
			remoteInfo = TTTask;
		};
/* End PBXContainerItemProxy section */

/* Begin PBXFileReference section */
		3460A2AD1BA339F600D9C8E1 /* TTTask.app */ = {isa = PBXFileReference; explicitFileType = wrapper.application; includeInIndex = 0; path = TTTask.app; sourceTree = BUILT_PRODUCTS_DIR; };
		3460A2B01BA339F600D9C8E1 /* AppDelegate.swift */ = {isa = PBXFileReference; lastKnownFileType = sourcecode.swift; path = AppDelegate.swift; sourceTree = "<group>"; };
		3460A2B31BA339F600D9C8E1 /* TTTask.xcdatamodel */ = {isa = PBXFileReference; lastKnownFileType = wrapper.xcdatamodel; path = TTTask.xcdatamodel; sourceTree = "<group>"; };
		3460A2B51BA339F600D9C8E1 /* MasterViewController.swift */ = {isa = PBXFileReference; lastKnownFileType = sourcecode.swift; path = MasterViewController.swift; sourceTree = "<group>"; };
		3460A2B71BA339F600D9C8E1 /* DetailViewController.swift */ = {isa = PBXFileReference; lastKnownFileType = sourcecode.swift; path = DetailViewController.swift; sourceTree = "<group>"; };
		3460A2BA1BA339F600D9C8E1 /* Base */ = {isa = PBXFileReference; lastKnownFileType = file.storyboard; name = Base; path = Base.lproj/Main.storyboard; sourceTree = "<group>"; };
		3460A2BC1BA339F600D9C8E1 /* Assets.xcassets */ = {isa = PBXFileReference; lastKnownFileType = folder.assetcatalog; path = Assets.xcassets; sourceTree = "<group>"; };
		3460A2BF1BA339F600D9C8E1 /* Base */ = {isa = PBXFileReference; lastKnownFileType = file.storyboard; name = Base; path = Base.lproj/LaunchScreen.storyboard; sourceTree = "<group>"; };
		3460A2C11BA339F600D9C8E1 /* Info.plist */ = {isa = PBXFileReference; lastKnownFileType = text.plist.xml; path = Info.plist; sourceTree = "<group>"; };
		3460A2C61BA339F700D9C8E1 /* TTTaskTests.xctest */ = {isa = PBXFileReference; explicitFileType = wrapper.cfbundle; includeInIndex = 0; path = TTTaskTests.xctest; sourceTree = BUILT_PRODUCTS_DIR; };
		3460A2CA1BA339F700D9C8E1 /* TTTaskTests.swift */ = {isa = PBXFileReference; lastKnownFileType = sourcecode.swift; path = TTTaskTests.swift; sourceTree = "<group>"; };
		3460A2CC1BA339F700D9C8E1 /* Info.plist */ = {isa = PBXFileReference; lastKnownFileType = text.plist.xml; path = Info.plist; sourceTree = "<group>"; };
		3460A2D11BA339F700D9C8E1 /* TTTaskUITests.xctest */ = {isa = PBXFileReference; explicitFileType = wrapper.cfbundle; includeInIndex = 0; path = TTTaskUITests.xctest; sourceTree = BUILT_PRODUCTS_DIR; };
		3460A2D51BA339F700D9C8E1 /* TTTaskUITests.swift */ = {isa = PBXFileReference; lastKnownFileType = sourcecode.swift; path = TTTaskUITests.swift; sourceTree = "<group>"; };
		3460A2D71BA339F700D9C8E1 /* Info.plist */ = {isa = PBXFileReference; lastKnownFileType = text.plist.xml; path = Info.plist; sourceTree = "<group>"; };
/* End PBXFileReference section */

/* Begin PBXFrameworksBuildPhase section */
		3460A2AA1BA339F600D9C8E1 /* Frameworks */ = {
			isa = PBXFrameworksBuildPhase;
			buildActionMask = 2147483647;
			files = (
			);
			runOnlyForDeploymentPostprocessing = 0;
		};
		3460A2C31BA339F700D9C8E1 /* Frameworks */ = {
			isa = PBXFrameworksBuildPhase;
			buildActionMask = 2147483647;
			files = (
			);
			runOnlyForDeploymentPostprocessing = 0;
		};
		3460A2CE1BA339F700D9C8E1 /* Frameworks */ = {
			isa = PBXFrameworksBuildPhase;
			buildActionMask = 2147483647;
			files = (
			);
			runOnlyForDeploymentPostprocessing = 0;
		};
/* End PBXFrameworksBuildPhase section */

/* Begin PBXGroup section */
		3460A2A41BA339F600D9C8E1 = {
			isa = PBXGroup;
			children = (
				3460A2AF1BA339F600D9C8E1 /* TTTask */,
				3460A2C91BA339F700D9C8E1 /* TTTaskTests */,
				3460A2D41BA339F700D9C8E1 /* TTTaskUITests */,
				3460A2AE1BA339F600D9C8E1 /* Products */,
			);
			sourceTree = "<group>";
		};
		3460A2AE1BA339F600D9C8E1 /* Products */ = {
			isa = PBXGroup;
			children = (
				3460A2AD1BA339F600D9C8E1 /* TTTask.app */,
				3460A2C61BA339F700D9C8E1 /* TTTaskTests.xctest */,
				3460A2D11BA339F700D9C8E1 /* TTTaskUITests.xctest */,
			);
			name = Products;
			sourceTree = "<group>";
		};
		3460A2AF1BA339F600D9C8E1 /* TTTask */ = {
			isa = PBXGroup;
			children = (
				3460A2B01BA339F600D9C8E1 /* AppDelegate.swift */,
				3460A2B51BA339F600D9C8E1 /* MasterViewController.swift */,
				3460A2B71BA339F600D9C8E1 /* DetailViewController.swift */,
				3460A2B91BA339F600D9C8E1 /* Main.storyboard */,
				3460A2BC1BA339F600D9C8E1 /* Assets.xcassets */,
				3460A2BE1BA339F600D9C8E1 /* LaunchScreen.storyboard */,
				3460A2C11BA339F600D9C8E1 /* Info.plist */,
				3460A2B21BA339F600D9C8E1 /* TTTask.xcdatamodeld */,
			);
			path = TTTask;
			sourceTree = "<group>";
		};
		3460A2C91BA339F700D9C8E1 /* TTTaskTests */ = {
			isa = PBXGroup;
			children = (
				3460A2CA1BA339F700D9C8E1 /* TTTaskTests.swift */,
				3460A2CC1BA339F700D9C8E1 /* Info.plist */,
			);
			path = TTTaskTests;
			sourceTree = "<group>";
		};
		3460A2D41BA339F700D9C8E1 /* TTTaskUITests */ = {
			isa = PBXGroup;
			children = (
				3460A2D51BA339F700D9C8E1 /* TTTaskUITests.swift */,
				3460A2D71BA339F700D9C8E1 /* Info.plist */,
			);
			path = TTTaskUITests;
			sourceTree = "<group>";
		};
/* End PBXGroup section */

/* Begin PBXNativeTarget section */
		3460A2AC1BA339F600D9C8E1 /* TTTask */ = {
			isa = PBXNativeTarget;
			buildConfigurationList = 3460A2DA1BA339F700D9C8E1 /* Build configuration list for PBXNativeTarget "TTTask" */;
			buildPhases = (
				3460A2A91BA339F600D9C8E1 /* Sources */,
				3460A2AA1BA339F600D9C8E1 /* Frameworks */,
				3460A2AB1BA339F600D9C8E1 /* Resources */,
			);
			buildRules = (
			);
			dependencies = (
			);
			name = TTTask;
			productName = TTTask;
			productReference = 3460A2AD1BA339F600D9C8E1 /* TTTask.app */;
			productType = "com.apple.product-type.application";
		};
		3460A2C51BA339F700D9C8E1 /* TTTaskTests */ = {
			isa = PBXNativeTarget;
			buildConfigurationList = 3460A2DD1BA339F700D9C8E1 /* Build configuration list for PBXNativeTarget "TTTaskTests" */;
			buildPhases = (
				3460A2C21BA339F700D9C8E1 /* Sources */,
				3460A2C31BA339F700D9C8E1 /* Frameworks */,
				3460A2C41BA339F700D9C8E1 /* Resources */,
			);
			buildRules = (
			);
			dependencies = (
				3460A2C81BA339F700D9C8E1 /* PBXTargetDependency */,
			);
			name = TTTaskTests;
			productName = TTTaskTests;
			productReference = 3460A2C61BA339F700D9C8E1 /* TTTaskTests.xctest */;
			productType = "com.apple.product-type.bundle.unit-test";
		};
		3460A2D01BA339F700D9C8E1 /* TTTaskUITests */ = {
			isa = PBXNativeTarget;
			buildConfigurationList = 3460A2E01BA339F700D9C8E1 /* Build configuration list for PBXNativeTarget "TTTaskUITests" */;
			buildPhases = (
				3460A2CD1BA339F700D9C8E1 /* Sources */,
				3460A2CE1BA339F700D9C8E1 /* Frameworks */,
				3460A2CF1BA339F700D9C8E1 /* Resources */,
			);
			buildRules = (
			);
			dependencies = (
				3460A2D31BA339F700D9C8E1 /* PBXTargetDependency */,
			);
			name = TTTaskUITests;
			productName = TTTaskUITests;
			productReference = 3460A2D11BA339F700D9C8E1 /* TTTaskUITests.xctest */;
			productType = "com.apple.product-type.bundle.ui-testing";
		};
/* End PBXNativeTarget section */

/* Begin PBXProject section */
		3460A2A51BA339F600D9C8E1 /* Project object */ = {
			isa = PBXProject;
			attributes = {
				LastUpgradeCheck = 0700;
				ORGANIZATIONNAME = Koalapps;
				TargetAttributes = {
					3460A2AC1BA339F600D9C8E1 = {
						CreatedOnToolsVersion = 7.0;
					};
					3460A2C51BA339F700D9C8E1 = {
						CreatedOnToolsVersion = 7.0;
						TestTargetID = 3460A2AC1BA339F600D9C8E1;
					};
					3460A2D01BA339F700D9C8E1 = {
						CreatedOnToolsVersion = 7.0;
						TestTargetID = 3460A2AC1BA339F600D9C8E1;
					};
				};
			};
			buildConfigurationList = 3460A2A81BA339F600D9C8E1 /* Build configuration list for PBXProject "TTTask" */;
			compatibilityVersion = "Xcode 3.2";
			developmentRegion = English;
			hasScannedForEncodings = 0;
			knownRegions = (
				en,
				Base,
			);
			mainGroup = 3460A2A41BA339F600D9C8E1;
			productRefGroup = 3460A2AE1BA339F600D9C8E1 /* Products */;
			projectDirPath = "";
			projectRoot = "";
			targets = (
				3460A2AC1BA339F600D9C8E1 /* TTTask */,
				3460A2C51BA339F700D9C8E1 /* TTTaskTests */,
				3460A2D01BA339F700D9C8E1 /* TTTaskUITests */,
			);
		};
/* End PBXProject section */

/* Begin PBXResourcesBuildPhase section */
		3460A2AB1BA339F600D9C8E1 /* Resources */ = {
			isa = PBXResourcesBuildPhase;
			buildActionMask = 2147483647;
			files = (
				3460A2C01BA339F600D9C8E1 /* LaunchScreen.storyboard in Resources */,
				3460A2BD1BA339F600D9C8E1 /* Assets.xcassets in Resources */,
				3460A2BB1BA339F600D9C8E1 /* Main.storyboard in Resources */,
			);
			runOnlyForDeploymentPostprocessing = 0;
		};
		3460A2C41BA339F700D9C8E1 /* Resources */ = {
			isa = PBXResourcesBuildPhase;
			buildActionMask = 2147483647;
			files = (
			);
			runOnlyForDeploymentPostprocessing = 0;
		};
		3460A2CF1BA339F700D9C8E1 /* Resources */ = {
			isa = PBXResourcesBuildPhase;
			buildActionMask = 2147483647;
			files = (
			);
			runOnlyForDeploymentPostprocessing = 0;
		};
/* End PBXResourcesBuildPhase section */

/* Begin PBXSourcesBuildPhase section */
		3460A2A91BA339F600D9C8E1 /* Sources */ = {
			isa = PBXSourcesBuildPhase;
			buildActionMask = 2147483647;
			files = (
				3460A2B41BA339F600D9C8E1 /* TTTask.xcdatamodeld in Sources */,
				3460A2B11BA339F600D9C8E1 /* AppDelegate.swift in Sources */,
				3460A2B61BA339F600D9C8E1 /* MasterViewController.swift in Sources */,
				3460A2B81BA339F600D9C8E1 /* DetailViewController.swift in Sources */,
			);
			runOnlyForDeploymentPostprocessing = 0;
		};
		3460A2C21BA339F700D9C8E1 /* Sources */ = {
			isa = PBXSourcesBuildPhase;
			buildActionMask = 2147483647;
			files = (
				3460A2CB1BA339F700D9C8E1 /* TTTaskTests.swift in Sources */,
			);
			runOnlyForDeploymentPostprocessing = 0;
		};
		3460A2CD1BA339F700D9C8E1 /* Sources */ = {
			isa = PBXSourcesBuildPhase;
			buildActionMask = 2147483647;
			files = (
				3460A2D61BA339F700D9C8E1 /* TTTaskUITests.swift in Sources */,
			);
			runOnlyForDeploymentPostprocessing = 0;
		};
/* End PBXSourcesBuildPhase section */

/* Begin PBXTargetDependency section */
		3460A2C81BA339F700D9C8E1 /* PBXTargetDependency */ = {
			isa = PBXTargetDependency;
			target = 3460A2AC1BA339F600D9C8E1 /* TTTask */;
			targetProxy = 3460A2C71BA339F700D9C8E1 /* PBXContainerItemProxy */;
		};
		3460A2D31BA339F700D9C8E1 /* PBXTargetDependency */ = {
			isa = PBXTargetDependency;
			target = 3460A2AC1BA339F600D9C8E1 /* TTTask */;
			targetProxy = 3460A2D21BA339F700D9C8E1 /* PBXContainerItemProxy */;
		};
/* End PBXTargetDependency section */

/* Begin PBXVariantGroup section */
		3460A2B91BA339F600D9C8E1 /* Main.storyboard */ = {
			isa = PBXVariantGroup;
			children = (
				3460A2BA1BA339F600D9C8E1 /* Base */,
			);
			name = Main.storyboard;
			sourceTree = "<group>";
		};
		3460A2BE1BA339F600D9C8E1 /* LaunchScreen.storyboard */ = {
			isa = PBXVariantGroup;
			children = (
				3460A2BF1BA339F600D9C8E1 /* Base */,
			);
			name = LaunchScreen.storyboard;
			sourceTree = "<group>";
		};
/* End PBXVariantGroup section */

/* Begin XCBuildConfiguration section */
		3460A2D81BA339F700D9C8E1 /* Debug */ = {
			isa = XCBuildConfiguration;
			buildSettings = {
				ALWAYS_SEARCH_USER_PATHS = NO;
				CLANG_CXX_LANGUAGE_STANDARD = "gnu++0x";
				CLANG_CXX_LIBRARY = "libc++";
				CLANG_ENABLE_MODULES = YES;
				CLANG_ENABLE_OBJC_ARC = YES;
				CLANG_WARN_BOOL_CONVERSION = YES;
				CLANG_WARN_CONSTANT_CONVERSION = YES;
				CLANG_WARN_DIRECT_OBJC_ISA_USAGE = YES_ERROR;
				CLANG_WARN_EMPTY_BODY = YES;
				CLANG_WARN_ENUM_CONVERSION = YES;
				CLANG_WARN_INT_CONVERSION = YES;
				CLANG_WARN_OBJC_ROOT_CLASS = YES_ERROR;
				CLANG_WARN_UNREACHABLE_CODE = YES;
				CLANG_WARN__DUPLICATE_METHOD_MATCH = YES;
				"CODE_SIGN_IDENTITY[sdk=iphoneos*]" = "iPhone Developer";
				COPY_PHASE_STRIP = NO;
				DEBUG_INFORMATION_FORMAT = dwarf;
				ENABLE_STRICT_OBJC_MSGSEND = YES;
				ENABLE_TESTABILITY = YES;
				GCC_C_LANGUAGE_STANDARD = gnu99;
				GCC_DYNAMIC_NO_PIC = NO;
				GCC_NO_COMMON_BLOCKS = YES;
				GCC_OPTIMIZATION_LEVEL = 0;
				GCC_PREPROCESSOR_DEFINITIONS = (
					"DEBUG=1",
					"$(inherited)",
				);
				GCC_WARN_64_TO_32_BIT_CONVERSION = YES;
				GCC_WARN_ABOUT_RETURN_TYPE = YES_ERROR;
				GCC_WARN_UNDECLARED_SELECTOR = YES;
				GCC_WARN_UNINITIALIZED_AUTOS = YES_AGGRESSIVE;
				GCC_WARN_UNUSED_FUNCTION = YES;
				GCC_WARN_UNUSED_VARIABLE = YES;
				IPHONEOS_DEPLOYMENT_TARGET = 9.0;
				MTL_ENABLE_DEBUG_INFO = YES;
				ONLY_ACTIVE_ARCH = YES;
				SDKROOT = iphoneos;
				SWIFT_OPTIMIZATION_LEVEL = "-Onone";
			};
			name = Debug;
		};
		3460A2D91BA339F700D9C8E1 /* Release */ = {
			isa = XCBuildConfiguration;
			buildSettings = {
				ALWAYS_SEARCH_USER_PATHS = NO;
				CLANG_CXX_LANGUAGE_STANDARD = "gnu++0x";
				CLANG_CXX_LIBRARY = "libc++";
				CLANG_ENABLE_MODULES = YES;
				CLANG_ENABLE_OBJC_ARC = YES;
				CLANG_WARN_BOOL_CONVERSION = YES;
				CLANG_WARN_CONSTANT_CONVERSION = YES;
				CLANG_WARN_DIRECT_OBJC_ISA_USAGE = YES_ERROR;
				CLANG_WARN_EMPTY_BODY = YES;
				CLANG_WARN_ENUM_CONVERSION = YES;
				CLANG_WARN_INT_CONVERSION = YES;
				CLANG_WARN_OBJC_ROOT_CLASS = YES_ERROR;
				CLANG_WARN_UNREACHABLE_CODE = YES;
				CLANG_WARN__DUPLICATE_METHOD_MATCH = YES;
				"CODE_SIGN_IDENTITY[sdk=iphoneos*]" = "iPhone Developer";
				COPY_PHASE_STRIP = NO;
				DEBUG_INFORMATION_FORMAT = "dwarf-with-dsym";
				ENABLE_NS_ASSERTIONS = NO;
				ENABLE_STRICT_OBJC_MSGSEND = YES;
				GCC_C_LANGUAGE_STANDARD = gnu99;
				GCC_NO_COMMON_BLOCKS = YES;
				GCC_WARN_64_TO_32_BIT_CONVERSION = YES;
				GCC_WARN_ABOUT_RETURN_TYPE = YES_ERROR;
				GCC_WARN_UNDECLARED_SELECTOR = YES;
				GCC_WARN_UNINITIALIZED_AUTOS = YES_AGGRESSIVE;
				GCC_WARN_UNUSED_FUNCTION = YES;
				GCC_WARN_UNUSED_VARIABLE = YES;
				IPHONEOS_DEPLOYMENT_TARGET = 9.0;
				MTL_ENABLE_DEBUG_INFO = NO;
				SDKROOT = iphoneos;
				VALIDATE_PRODUCT = YES;
			};
			name = Release;
		};
		3460A2DB1BA339F700D9C8E1 /* Debug */ = {
			isa = XCBuildConfiguration;
			buildSettings = {
				ASSETCATALOG_COMPILER_APPICON_NAME = AppIcon;
				INFOPLIST_FILE = TTTask/Info.plist;
				LD_RUNPATH_SEARCH_PATHS = "$(inherited) @executable_path/Frameworks";
				PRODUCT_BUNDLE_IDENTIFIER = pl.maciejbanasiewicz.TTTask;
				PRODUCT_NAME = "$(TARGET_NAME)";
			};
			name = Debug;
		};
		3460A2DC1BA339F700D9C8E1 /* Release */ = {
			isa = XCBuildConfiguration;
			buildSettings = {
				ASSETCATALOG_COMPILER_APPICON_NAME = AppIcon;
				INFOPLIST_FILE = TTTask/Info.plist;
				LD_RUNPATH_SEARCH_PATHS = "$(inherited) @executable_path/Frameworks";
				PRODUCT_BUNDLE_IDENTIFIER = pl.maciejbanasiewicz.TTTask;
				PRODUCT_NAME = "$(TARGET_NAME)";
			};
			name = Release;
		};
		3460A2DE1BA339F700D9C8E1 /* Debug */ = {
			isa = XCBuildConfiguration;
			buildSettings = {
				BUNDLE_LOADER = "$(TEST_HOST)";
				INFOPLIST_FILE = TTTaskTests/Info.plist;
				LD_RUNPATH_SEARCH_PATHS = "$(inherited) @executable_path/Frameworks @loader_path/Frameworks";
				PRODUCT_BUNDLE_IDENTIFIER = pl.maciejbanasiewicz.TTTaskTests;
				PRODUCT_NAME = "$(TARGET_NAME)";
				TEST_HOST = "$(BUILT_PRODUCTS_DIR)/TTTask.app/TTTask";
			};
			name = Debug;
		};
		3460A2DF1BA339F700D9C8E1 /* Release */ = {
			isa = XCBuildConfiguration;
			buildSettings = {
				BUNDLE_LOADER = "$(TEST_HOST)";
				INFOPLIST_FILE = TTTaskTests/Info.plist;
				LD_RUNPATH_SEARCH_PATHS = "$(inherited) @executable_path/Frameworks @loader_path/Frameworks";
				PRODUCT_BUNDLE_IDENTIFIER = pl.maciejbanasiewicz.TTTaskTests;
				PRODUCT_NAME = "$(TARGET_NAME)";
				TEST_HOST = "$(BUILT_PRODUCTS_DIR)/TTTask.app/TTTask";
			};
			name = Release;
		};
		3460A2E11BA339F700D9C8E1 /* Debug */ = {
			isa = XCBuildConfiguration;
			buildSettings = {
				INFOPLIST_FILE = TTTaskUITests/Info.plist;
				LD_RUNPATH_SEARCH_PATHS = "$(inherited) @executable_path/Frameworks @loader_path/Frameworks";
				PRODUCT_BUNDLE_IDENTIFIER = pl.maciejbanasiewicz.TTTaskUITests;
				PRODUCT_NAME = "$(TARGET_NAME)";
				TEST_TARGET_NAME = TTTask;
				USES_XCTRUNNER = YES;
			};
			name = Debug;
		};
		3460A2E21BA339F700D9C8E1 /* Release */ = {
			isa = XCBuildConfiguration;
			buildSettings = {
				INFOPLIST_FILE = TTTaskUITests/Info.plist;
				LD_RUNPATH_SEARCH_PATHS = "$(inherited) @executable_path/Frameworks @loader_path/Frameworks";
				PRODUCT_BUNDLE_IDENTIFIER = pl.maciejbanasiewicz.TTTaskUITests;
				PRODUCT_NAME = "$(TARGET_NAME)";
				TEST_TARGET_NAME = TTTask;
				USES_XCTRUNNER = YES;
			};
			name = Release;
		};
/* End XCBuildConfiguration section */

/* Begin XCConfigurationList section */
		3460A2A81BA339F600D9C8E1 /* Build configuration list for PBXProject "TTTask" */ = {
			isa = XCConfigurationList;
			buildConfigurations = (
				3460A2D81BA339F700D9C8E1 /* Debug */,
				3460A2D91BA339F700D9C8E1 /* Release */,
			);
			defaultConfigurationIsVisible = 0;
			defaultConfigurationName = Release;
		};
		3460A2DA1BA339F700D9C8E1 /* Build configuration list for PBXNativeTarget "TTTask" */ = {
			isa = XCConfigurationList;
			buildConfigurations = (
				3460A2DB1BA339F700D9C8E1 /* Debug */,
				3460A2DC1BA339F700D9C8E1 /* Release */,
			);
			defaultConfigurationIsVisible = 0;
		};
		3460A2DD1BA339F700D9C8E1 /* Build configuration list for PBXNativeTarget "TTTaskTests" */ = {
			isa = XCConfigurationList;
			buildConfigurations = (
				3460A2DE1BA339F700D9C8E1 /* Debug */,
				3460A2DF1BA339F700D9C8E1 /* Release */,
			);
			defaultConfigurationIsVisible = 0;
		};
		3460A2E01BA339F700D9C8E1 /* Build configuration list for PBXNativeTarget "TTTaskUITests" */ = {
			isa = XCConfigurationList;
			buildConfigurations = (
				3460A2E11BA339F700D9C8E1 /* Debug */,
				3460A2E21BA339F700D9C8E1 /* Release */,
			);
			defaultConfigurationIsVisible = 0;
		};
/* End XCConfigurationList section */

/* Begin XCVersionGroup section */
		3460A2B21BA339F600D9C8E1 /* TTTask.xcdatamodeld */ = {
			isa = XCVersionGroup;
			children = (
				3460A2B31BA339F600D9C8E1 /* TTTask.xcdatamodel */,
			);
			currentVersion = 3460A2B31BA339F600D9C8E1 /* TTTask.xcdatamodel */;
			path = TTTask.xcdatamodeld;
			sourceTree = "<group>";
			versionGroupType = wrapper.xcdatamodel;
		};
/* End XCVersionGroup section */
	};
	rootObject = 3460A2A51BA339F600D9C8E1 /* Project object */;
}
