// !$*UTF8*$!
{
	archiveVersion = 1;
	classes = {
	};
	objectVersion = 46;
	objects = {

/* Begin PBXBuildFile section */
		340161671BA5C39400FAB950 /* ToDoEmptyViewTests.swift in Sources */ = {isa = PBXBuildFile; fileRef = 340161661BA5C39400FAB950 /* ToDoEmptyViewTests.swift */; settings = {ASSET_TAGS = (); }; };
		3460A2B11BA339F600D9C8E1 /* AppDelegate.swift in Sources */ = {isa = PBXBuildFile; fileRef = 3460A2B01BA339F600D9C8E1 /* AppDelegate.swift */; };
		3460A2B41BA339F600D9C8E1 /* TTTask.xcdatamodeld in Sources */ = {isa = PBXBuildFile; fileRef = 3460A2B21BA339F600D9C8E1 /* TTTask.xcdatamodeld */; };
		3460A2BB1BA339F600D9C8E1 /* Main.storyboard in Resources */ = {isa = PBXBuildFile; fileRef = 3460A2B91BA339F600D9C8E1 /* Main.storyboard */; };
		3460A2BD1BA339F600D9C8E1 /* Assets.xcassets in Resources */ = {isa = PBXBuildFile; fileRef = 3460A2BC1BA339F600D9C8E1 /* Assets.xcassets */; };
		3460A2C01BA339F600D9C8E1 /* LaunchScreen.storyboard in Resources */ = {isa = PBXBuildFile; fileRef = 3460A2BE1BA339F600D9C8E1 /* LaunchScreen.storyboard */; };
		3460A2CB1BA339F700D9C8E1 /* TTCoreDataStackTests.swift in Sources */ = {isa = PBXBuildFile; fileRef = 3460A2CA1BA339F700D9C8E1 /* TTCoreDataStackTests.swift */; };
		3460A2E41BA33A7600D9C8E1 /* TTCoreDataStack.swift in Sources */ = {isa = PBXBuildFile; fileRef = 3460A2E31BA33A7600D9C8E1 /* TTCoreDataStack.swift */; settings = {ASSET_TAGS = (); }; };
		3460A2E81BA33B2D00D9C8E1 /* TTRootViewController.swift in Sources */ = {isa = PBXBuildFile; fileRef = 3460A2E71BA33B2D00D9C8E1 /* TTRootViewController.swift */; settings = {ASSET_TAGS = (); }; };
		3460A2EA1BA33C7100D9C8E1 /* TTDefines.swift in Sources */ = {isa = PBXBuildFile; fileRef = 3460A2E91BA33C7100D9C8E1 /* TTDefines.swift */; settings = {ASSET_TAGS = (); }; };
		3460A2F11BA33F9D00D9C8E1 /* Todo+CoreDataProperties.swift in Sources */ = {isa = PBXBuildFile; fileRef = 3460A2EF1BA33F9D00D9C8E1 /* Todo+CoreDataProperties.swift */; settings = {ASSET_TAGS = (); }; };
		3460A2F21BA33F9D00D9C8E1 /* Todo.swift in Sources */ = {isa = PBXBuildFile; fileRef = 3460A2F01BA33F9D00D9C8E1 /* Todo.swift */; settings = {ASSET_TAGS = (); }; };
		3460A2F51BA349CD00D9C8E1 /* TTToDoTableViewCell.swift in Sources */ = {isa = PBXBuildFile; fileRef = 3460A2F41BA349CD00D9C8E1 /* TTToDoTableViewCell.swift */; settings = {ASSET_TAGS = (); }; };
		3460A2F91BA34D7700D9C8E1 /* TTAddNewToDoViewController.swift in Sources */ = {isa = PBXBuildFile; fileRef = 3460A2F81BA34D7700D9C8E1 /* TTAddNewToDoViewController.swift */; settings = {ASSET_TAGS = (); }; };
		3460A2FC1BA3726B00D9C8E1 /* ToDoDetailViewController.swift in Sources */ = {isa = PBXBuildFile; fileRef = 3460A2FB1BA3726B00D9C8E1 /* ToDoDetailViewController.swift */; settings = {ASSET_TAGS = (); }; };
		3460A2FE1BA4ABB700D9C8E1 /* TTTextFieldCell.xib in Resources */ = {isa = PBXBuildFile; fileRef = 3460A2FD1BA4ABB700D9C8E1 /* TTTextFieldCell.xib */; settings = {ASSET_TAGS = (); }; };
		3460A3001BA4AC5B00D9C8E1 /* TTTextViewCell.xib in Resources */ = {isa = PBXBuildFile; fileRef = 3460A2FF1BA4AC5B00D9C8E1 /* TTTextViewCell.xib */; settings = {ASSET_TAGS = (); }; };
		3460A3041BA4B70000D9C8E1 /* ToDoEmptyView.xib in Resources */ = {isa = PBXBuildFile; fileRef = 3460A3031BA4B70000D9C8E1 /* ToDoEmptyView.xib */; settings = {ASSET_TAGS = (); }; };
		3460A3061BA4B7AA00D9C8E1 /* ToDoEmptyView.swift in Sources */ = {isa = PBXBuildFile; fileRef = 3460A3051BA4B7AA00D9C8E1 /* ToDoEmptyView.swift */; settings = {ASSET_TAGS = (); }; };
		3460A3081BA568F100D9C8E1 /* TTSearchResultsViewController.swift in Sources */ = {isa = PBXBuildFile; fileRef = 3460A3071BA568F100D9C8E1 /* TTSearchResultsViewController.swift */; settings = {ASSET_TAGS = (); }; };
		3460A30A1BA57B1200D9C8E1 /* TTToDoTableViewCell.xib in Resources */ = {isa = PBXBuildFile; fileRef = 3460A3091BA57B1200D9C8E1 /* TTToDoTableViewCell.xib */; settings = {ASSET_TAGS = (); }; };
		3460A30D1BA5B38000D9C8E1 /* TTTextViewCell.swift in Sources */ = {isa = PBXBuildFile; fileRef = 3460A30C1BA5B38000D9C8E1 /* TTTextViewCell.swift */; settings = {ASSET_TAGS = (); }; };
		3460A3101BA5B3AF00D9C8E1 /* TTTextFieldCell.swift in Sources */ = {isa = PBXBuildFile; fileRef = 3460A30F1BA5B3AF00D9C8E1 /* TTTextFieldCell.swift */; settings = {ASSET_TAGS = (); }; };
		3460A3191BA5B59A00D9C8E1 /* ToDoDetailViewController.xib in Resources */ = {isa = PBXBuildFile; fileRef = 3460A3181BA5B59A00D9C8E1 /* ToDoDetailViewController.xib */; settings = {ASSET_TAGS = (); }; };
		3460A31B1BA5B62300D9C8E1 /* ToDoDetailView.swift in Sources */ = {isa = PBXBuildFile; fileRef = 3460A31A1BA5B62300D9C8E1 /* ToDoDetailView.swift */; settings = {ASSET_TAGS = (); }; };
		3460A31D1BA5C0DE00D9C8E1 /* TTRootViewControllerTests.swift in Sources */ = {isa = PBXBuildFile; fileRef = 3460A31C1BA5C0DE00D9C8E1 /* TTRootViewControllerTests.swift */; settings = {ASSET_TAGS = (); }; };
/* End PBXBuildFile section */

/* Begin PBXContainerItemProxy section */
		3460A2C71BA339F700D9C8E1 /* PBXContainerItemProxy */ = {
			isa = PBXContainerItemProxy;
			containerPortal = 3460A2A51BA339F600D9C8E1 /* Project object */;
			proxyType = 1;
			remoteGlobalIDString = 3460A2AC1BA339F600D9C8E1;
			remoteInfo = TTTask;
		};
/* End PBXContainerItemProxy section */

/* Begin PBXFileReference section */
		340161661BA5C39400FAB950 /* ToDoEmptyViewTests.swift */ = {isa = PBXFileReference; fileEncoding = 4; lastKnownFileType = sourcecode.swift; path = ToDoEmptyViewTests.swift; sourceTree = "<group>"; };
		3460A2AD1BA339F600D9C8E1 /* TTTask.app */ = {isa = PBXFileReference; explicitFileType = wrapper.application; includeInIndex = 0; path = TTTask.app; sourceTree = BUILT_PRODUCTS_DIR; };
		3460A2B01BA339F600D9C8E1 /* AppDelegate.swift */ = {isa = PBXFileReference; lastKnownFileType = sourcecode.swift; path = AppDelegate.swift; sourceTree = "<group>"; };
		3460A2B31BA339F600D9C8E1 /* TTTask.xcdatamodel */ = {isa = PBXFileReference; lastKnownFileType = wrapper.xcdatamodel; path = TTTask.xcdatamodel; sourceTree = "<group>"; };
		3460A2BA1BA339F600D9C8E1 /* Base */ = {isa = PBXFileReference; lastKnownFileType = file.storyboard; name = Base; path = Base.lproj/Main.storyboard; sourceTree = "<group>"; };
		3460A2BC1BA339F600D9C8E1 /* Assets.xcassets */ = {isa = PBXFileReference; lastKnownFileType = folder.assetcatalog; path = Assets.xcassets; sourceTree = "<group>"; };
		3460A2BF1BA339F600D9C8E1 /* Base */ = {isa = PBXFileReference; lastKnownFileType = file.storyboard; name = Base; path = Base.lproj/LaunchScreen.storyboard; sourceTree = "<group>"; };
		3460A2C11BA339F600D9C8E1 /* Info.plist */ = {isa = PBXFileReference; lastKnownFileType = text.plist.xml; path = Info.plist; sourceTree = "<group>"; };
		3460A2C61BA339F700D9C8E1 /* TTTaskTests.xctest */ = {isa = PBXFileReference; explicitFileType = wrapper.cfbundle; includeInIndex = 0; path = TTTaskTests.xctest; sourceTree = BUILT_PRODUCTS_DIR; };
		3460A2CA1BA339F700D9C8E1 /* TTCoreDataStackTests.swift */ = {isa = PBXFileReference; lastKnownFileType = sourcecode.swift; path = TTCoreDataStackTests.swift; sourceTree = "<group>"; };
		3460A2CC1BA339F700D9C8E1 /* Info.plist */ = {isa = PBXFileReference; lastKnownFileType = text.plist.xml; path = Info.plist; sourceTree = "<group>"; };
		3460A2E31BA33A7600D9C8E1 /* TTCoreDataStack.swift */ = {isa = PBXFileReference; fileEncoding = 4; lastKnownFileType = sourcecode.swift; path = TTCoreDataStack.swift; sourceTree = "<group>"; };
		3460A2E71BA33B2D00D9C8E1 /* TTRootViewController.swift */ = {isa = PBXFileReference; fileEncoding = 4; lastKnownFileType = sourcecode.swift; path = TTRootViewController.swift; sourceTree = "<group>"; };
		3460A2E91BA33C7100D9C8E1 /* TTDefines.swift */ = {isa = PBXFileReference; fileEncoding = 4; lastKnownFileType = sourcecode.swift; path = TTDefines.swift; sourceTree = "<group>"; };
		3460A2EF1BA33F9D00D9C8E1 /* Todo+CoreDataProperties.swift */ = {isa = PBXFileReference; fileEncoding = 4; lastKnownFileType = sourcecode.swift; path = "Todo+CoreDataProperties.swift"; sourceTree = "<group>"; };
		3460A2F01BA33F9D00D9C8E1 /* Todo.swift */ = {isa = PBXFileReference; fileEncoding = 4; lastKnownFileType = sourcecode.swift; path = Todo.swift; sourceTree = "<group>"; };
		3460A2F31BA3401200D9C8E1 /* TTTask 1.1.xcdatamodel */ = {isa = PBXFileReference; lastKnownFileType = wrapper.xcdatamodel; path = "TTTask 1.1.xcdatamodel"; sourceTree = "<group>"; };
		3460A2F41BA349CD00D9C8E1 /* TTToDoTableViewCell.swift */ = {isa = PBXFileReference; fileEncoding = 4; lastKnownFileType = sourcecode.swift; path = TTToDoTableViewCell.swift; sourceTree = "<group>"; };
		3460A2F61BA34C2900D9C8E1 /* TTTask 1.2.xcdatamodel */ = {isa = PBXFileReference; lastKnownFileType = wrapper.xcdatamodel; path = "TTTask 1.2.xcdatamodel"; sourceTree = "<group>"; };
		3460A2F71BA34CEE00D9C8E1 /* TTTask 1.3.xcdatamodel */ = {isa = PBXFileReference; lastKnownFileType = wrapper.xcdatamodel; path = "TTTask 1.3.xcdatamodel"; sourceTree = "<group>"; };
		3460A2F81BA34D7700D9C8E1 /* TTAddNewToDoViewController.swift */ = {isa = PBXFileReference; fileEncoding = 4; lastKnownFileType = sourcecode.swift; path = TTAddNewToDoViewController.swift; sourceTree = "<group>"; };
		3460A2FA1BA34D9A00D9C8E1 /* TTTask 1.4.xcdatamodel */ = {isa = PBXFileReference; lastKnownFileType = wrapper.xcdatamodel; path = "TTTask 1.4.xcdatamodel"; sourceTree = "<group>"; };
		3460A2FB1BA3726B00D9C8E1 /* ToDoDetailViewController.swift */ = {isa = PBXFileReference; fileEncoding = 4; lastKnownFileType = sourcecode.swift; path = ToDoDetailViewController.swift; sourceTree = "<group>"; };
		3460A2FD1BA4ABB700D9C8E1 /* TTTextFieldCell.xib */ = {isa = PBXFileReference; fileEncoding = 4; lastKnownFileType = file.xib; path = TTTextFieldCell.xib; sourceTree = "<group>"; };
		3460A2FF1BA4AC5B00D9C8E1 /* TTTextViewCell.xib */ = {isa = PBXFileReference; fileEncoding = 4; lastKnownFileType = file.xib; path = TTTextViewCell.xib; sourceTree = "<group>"; };
		3460A3031BA4B70000D9C8E1 /* ToDoEmptyView.xib */ = {isa = PBXFileReference; fileEncoding = 4; lastKnownFileType = file.xib; path = ToDoEmptyView.xib; sourceTree = "<group>"; };
		3460A3051BA4B7AA00D9C8E1 /* ToDoEmptyView.swift */ = {isa = PBXFileReference; fileEncoding = 4; lastKnownFileType = sourcecode.swift; path = ToDoEmptyView.swift; sourceTree = "<group>"; };
		3460A3071BA568F100D9C8E1 /* TTSearchResultsViewController.swift */ = {isa = PBXFileReference; fileEncoding = 4; lastKnownFileType = sourcecode.swift; path = TTSearchResultsViewController.swift; sourceTree = "<group>"; };
		3460A3091BA57B1200D9C8E1 /* TTToDoTableViewCell.xib */ = {isa = PBXFileReference; fileEncoding = 4; lastKnownFileType = file.xib; path = TTToDoTableViewCell.xib; sourceTree = "<group>"; };
		3460A30C1BA5B38000D9C8E1 /* TTTextViewCell.swift */ = {isa = PBXFileReference; fileEncoding = 4; lastKnownFileType = sourcecode.swift; path = TTTextViewCell.swift; sourceTree = "<group>"; };
		3460A30F1BA5B3AF00D9C8E1 /* TTTextFieldCell.swift */ = {isa = PBXFileReference; fileEncoding = 4; lastKnownFileType = sourcecode.swift; path = TTTextFieldCell.swift; sourceTree = "<group>"; };
		3460A3181BA5B59A00D9C8E1 /* ToDoDetailViewController.xib */ = {isa = PBXFileReference; fileEncoding = 4; lastKnownFileType = file.xib; path = ToDoDetailViewController.xib; sourceTree = "<group>"; };
		3460A31A1BA5B62300D9C8E1 /* ToDoDetailView.swift */ = {isa = PBXFileReference; fileEncoding = 4; lastKnownFileType = sourcecode.swift; path = ToDoDetailView.swift; sourceTree = "<group>"; };
		3460A31C1BA5C0DE00D9C8E1 /* TTRootViewControllerTests.swift */ = {isa = PBXFileReference; fileEncoding = 4; lastKnownFileType = sourcecode.swift; path = TTRootViewControllerTests.swift; sourceTree = "<group>"; };
/* End PBXFileReference section */

/* Begin PBXFrameworksBuildPhase section */
		3460A2AA1BA339F600D9C8E1 /* Frameworks */ = {
			isa = PBXFrameworksBuildPhase;
			buildActionMask = 2147483647;
			files = (
			);
			runOnlyForDeploymentPostprocessing = 0;
		};
		3460A2C31BA339F700D9C8E1 /* Frameworks */ = {
			isa = PBXFrameworksBuildPhase;
			buildActionMask = 2147483647;
			files = (
			);
			runOnlyForDeploymentPostprocessing = 0;
		};
/* End PBXFrameworksBuildPhase section */

/* Begin PBXGroup section */
		3460A2A41BA339F600D9C8E1 = {
			isa = PBXGroup;
			children = (
				3460A2AF1BA339F600D9C8E1 /* TTTask */,
				3460A2C91BA339F700D9C8E1 /* TTTaskTests */,
				3460A2AE1BA339F600D9C8E1 /* Products */,
			);
			sourceTree = "<group>";
		};
		3460A2AE1BA339F600D9C8E1 /* Products */ = {
			isa = PBXGroup;
			children = (
				3460A2AD1BA339F600D9C8E1 /* TTTask.app */,
				3460A2C61BA339F700D9C8E1 /* TTTaskTests.xctest */,
			);
			name = Products;
			sourceTree = "<group>";
		};
		3460A2AF1BA339F600D9C8E1 /* TTTask */ = {
			isa = PBXGroup;
			children = (
				3460A2B01BA339F600D9C8E1 /* AppDelegate.swift */,
				3460A2B91BA339F600D9C8E1 /* Main.storyboard */,
				3460A2BC1BA339F600D9C8E1 /* Assets.xcassets */,
				3460A2BE1BA339F600D9C8E1 /* LaunchScreen.storyboard */,
				3460A2C11BA339F600D9C8E1 /* Info.plist */,
				3460A2B21BA339F600D9C8E1 /* TTTask.xcdatamodeld */,
				3460A3151BA5B49300D9C8E1 /* Core data */,
				3460A3161BA5B52C00D9C8E1 /* Root view controller */,
				3460A2E91BA33C7100D9C8E1 /* TTDefines.swift */,
				3460A3121BA5B46100D9C8E1 /* ToDo table view cell */,
				3460A3131BA5B47000D9C8E1 /* Add new todo view controller */,
				3460A3171BA5B58700D9C8E1 /* Detail view controller */,
				3460A30B1BA5B36E00D9C8E1 /* Empty view */,
				3460A3141BA5B47E00D9C8E1 /* Search results view controller */,
			);
			path = TTTask;
			sourceTree = "<group>";
		};
		3460A2C91BA339F700D9C8E1 /* TTTaskTests */ = {
			isa = PBXGroup;
			children = (
				3460A2CA1BA339F700D9C8E1 /* TTCoreDataStackTests.swift */,
				3460A2CC1BA339F700D9C8E1 /* Info.plist */,
				3460A31C1BA5C0DE00D9C8E1 /* TTRootViewControllerTests.swift */,
				340161661BA5C39400FAB950 /* ToDoEmptyViewTests.swift */,
			);
			path = TTTaskTests;
			sourceTree = "<group>";
		};
		3460A30B1BA5B36E00D9C8E1 /* Empty view */ = {
			isa = PBXGroup;
			children = (
				3460A3031BA4B70000D9C8E1 /* ToDoEmptyView.xib */,
				3460A3051BA4B7AA00D9C8E1 /* ToDoEmptyView.swift */,
			);
			name = "Empty view";
			sourceTree = "<group>";
		};
		3460A30E1BA5B39D00D9C8E1 /* Text view cell */ = {
			isa = PBXGroup;
			children = (
				3460A2FF1BA4AC5B00D9C8E1 /* TTTextViewCell.xib */,
				3460A30C1BA5B38000D9C8E1 /* TTTextViewCell.swift */,
			);
			name = "Text view cell";
			sourceTree = "<group>";
		};
		3460A3111BA5B3C900D9C8E1 /* Text field cell */ = {
			isa = PBXGroup;
			children = (
				3460A2FD1BA4ABB700D9C8E1 /* TTTextFieldCell.xib */,
				3460A30F1BA5B3AF00D9C8E1 /* TTTextFieldCell.swift */,
			);
			name = "Text field cell";
			sourceTree = "<group>";
		};
		3460A3121BA5B46100D9C8E1 /* ToDo table view cell */ = {
			isa = PBXGroup;
			children = (
				3460A2F41BA349CD00D9C8E1 /* TTToDoTableViewCell.swift */,
				3460A3091BA57B1200D9C8E1 /* TTToDoTableViewCell.xib */,
			);
			name = "ToDo table view cell";
			sourceTree = "<group>";
		};
		3460A3131BA5B47000D9C8E1 /* Add new todo view controller */ = {
			isa = PBXGroup;
			children = (
				3460A2F81BA34D7700D9C8E1 /* TTAddNewToDoViewController.swift */,
				3460A3111BA5B3C900D9C8E1 /* Text field cell */,
				3460A30E1BA5B39D00D9C8E1 /* Text view cell */,
			);
			name = "Add new todo view controller";
			sourceTree = "<group>";
		};
		3460A3141BA5B47E00D9C8E1 /* Search results view controller */ = {
			isa = PBXGroup;
			children = (
				3460A3071BA568F100D9C8E1 /* TTSearchResultsViewController.swift */,
			);
			name = "Search results view controller";
			sourceTree = "<group>";
		};
		3460A3151BA5B49300D9C8E1 /* Core data */ = {
			isa = PBXGroup;
			children = (
				3460A2EF1BA33F9D00D9C8E1 /* Todo+CoreDataProperties.swift */,
				3460A2F01BA33F9D00D9C8E1 /* Todo.swift */,
				3460A2E31BA33A7600D9C8E1 /* TTCoreDataStack.swift */,
			);
			name = "Core data";
			sourceTree = "<group>";
		};
		3460A3161BA5B52C00D9C8E1 /* Root view controller */ = {
			isa = PBXGroup;
			children = (
				3460A2E71BA33B2D00D9C8E1 /* TTRootViewController.swift */,
			);
			name = "Root view controller";
			sourceTree = "<group>";
		};
		3460A3171BA5B58700D9C8E1 /* Detail view controller */ = {
			isa = PBXGroup;
			children = (
				3460A2FB1BA3726B00D9C8E1 /* ToDoDetailViewController.swift */,
				3460A3181BA5B59A00D9C8E1 /* ToDoDetailViewController.xib */,
				3460A31A1BA5B62300D9C8E1 /* ToDoDetailView.swift */,
			);
			name = "Detail view controller";
			sourceTree = "<group>";
		};
/* End PBXGroup section */

/* Begin PBXNativeTarget section */
		3460A2AC1BA339F600D9C8E1 /* TTTask */ = {
			isa = PBXNativeTarget;
			buildConfigurationList = 3460A2DA1BA339F700D9C8E1 /* Build configuration list for PBXNativeTarget "TTTask" */;
			buildPhases = (
				3460A2A91BA339F600D9C8E1 /* Sources */,
				3460A2AA1BA339F600D9C8E1 /* Frameworks */,
				3460A2AB1BA339F600D9C8E1 /* Resources */,
			);
			buildRules = (
			);
			dependencies = (
			);
			name = TTTask;
			productName = TTTask;
			productReference = 3460A2AD1BA339F600D9C8E1 /* TTTask.app */;
			productType = "com.apple.product-type.application";
		};
		3460A2C51BA339F700D9C8E1 /* TTTaskTests */ = {
			isa = PBXNativeTarget;
			buildConfigurationList = 3460A2DD1BA339F700D9C8E1 /* Build configuration list for PBXNativeTarget "TTTaskTests" */;
			buildPhases = (
				3460A2C21BA339F700D9C8E1 /* Sources */,
				3460A2C31BA339F700D9C8E1 /* Frameworks */,
				3460A2C41BA339F700D9C8E1 /* Resources */,
			);
			buildRules = (
			);
			dependencies = (
				3460A2C81BA339F700D9C8E1 /* PBXTargetDependency */,
			);
			name = TTTaskTests;
			productName = TTTaskTests;
			productReference = 3460A2C61BA339F700D9C8E1 /* TTTaskTests.xctest */;
			productType = "com.apple.product-type.bundle.unit-test";
		};
/* End PBXNativeTarget section */

/* Begin PBXProject section */
		3460A2A51BA339F600D9C8E1 /* Project object */ = {
			isa = PBXProject;
			attributes = {
				LastUpgradeCheck = 0700;
				ORGANIZATIONNAME = Koalapps;
				TargetAttributes = {
					3460A2AC1BA339F600D9C8E1 = {
						CreatedOnToolsVersion = 7.0;
					};
					3460A2C51BA339F700D9C8E1 = {
						CreatedOnToolsVersion = 7.0;
						TestTargetID = 3460A2AC1BA339F600D9C8E1;
					};
				};
			};
			buildConfigurationList = 3460A2A81BA339F600D9C8E1 /* Build configuration list for PBXProject "TTTask" */;
			compatibilityVersion = "Xcode 3.2";
			developmentRegion = English;
			hasScannedForEncodings = 0;
			knownRegions = (
				en,
				Base,
			);
			mainGroup = 3460A2A41BA339F600D9C8E1;
			productRefGroup = 3460A2AE1BA339F600D9C8E1 /* Products */;
			projectDirPath = "";
			projectRoot = "";
			targets = (
				3460A2AC1BA339F600D9C8E1 /* TTTask */,
				3460A2C51BA339F700D9C8E1 /* TTTaskTests */,
			);
		};
/* End PBXProject section */

/* Begin PBXResourcesBuildPhase section */
		3460A2AB1BA339F600D9C8E1 /* Resources */ = {
			isa = PBXResourcesBuildPhase;
			buildActionMask = 2147483647;
			files = (
				3460A3041BA4B70000D9C8E1 /* ToDoEmptyView.xib in Resources */,
				3460A30A1BA57B1200D9C8E1 /* TTToDoTableViewCell.xib in Resources */,
				3460A2C01BA339F600D9C8E1 /* LaunchScreen.storyboard in Resources */,
				3460A2FE1BA4ABB700D9C8E1 /* TTTextFieldCell.xib in Resources */,
				3460A2BD1BA339F600D9C8E1 /* Assets.xcassets in Resources */,
				3460A3191BA5B59A00D9C8E1 /* ToDoDetailViewController.xib in Resources */,
				3460A3001BA4AC5B00D9C8E1 /* TTTextViewCell.xib in Resources */,
				3460A2BB1BA339F600D9C8E1 /* Main.storyboard in Resources */,
			);
			runOnlyForDeploymentPostprocessing = 0;
		};
		3460A2C41BA339F700D9C8E1 /* Resources */ = {
			isa = PBXResourcesBuildPhase;
			buildActionMask = 2147483647;
			files = (
			);
			runOnlyForDeploymentPostprocessing = 0;
		};
/* End PBXResourcesBuildPhase section */

/* Begin PBXSourcesBuildPhase section */
		3460A2A91BA339F600D9C8E1 /* Sources */ = {
			isa = PBXSourcesBuildPhase;
			buildActionMask = 2147483647;
			files = (
				3460A2EA1BA33C7100D9C8E1 /* TTDefines.swift in Sources */,
				3460A3081BA568F100D9C8E1 /* TTSearchResultsViewController.swift in Sources */,
				3460A2B41BA339F600D9C8E1 /* TTTask.xcdatamodeld in Sources */,
				3460A2F91BA34D7700D9C8E1 /* TTAddNewToDoViewController.swift in Sources */,
				3460A2E81BA33B2D00D9C8E1 /* TTRootViewController.swift in Sources */,
				3460A2B11BA339F600D9C8E1 /* AppDelegate.swift in Sources */,
				3460A2FC1BA3726B00D9C8E1 /* ToDoDetailViewController.swift in Sources */,
				3460A2F21BA33F9D00D9C8E1 /* Todo.swift in Sources */,
				3460A3061BA4B7AA00D9C8E1 /* ToDoEmptyView.swift in Sources */,
				3460A2F11BA33F9D00D9C8E1 /* Todo+CoreDataProperties.swift in Sources */,
				3460A31B1BA5B62300D9C8E1 /* ToDoDetailView.swift in Sources */,
				3460A2E41BA33A7600D9C8E1 /* TTCoreDataStack.swift in Sources */,
				3460A3101BA5B3AF00D9C8E1 /* TTTextFieldCell.swift in Sources */,
				3460A2F51BA349CD00D9C8E1 /* TTToDoTableViewCell.swift in Sources */,
				3460A30D1BA5B38000D9C8E1 /* TTTextViewCell.swift in Sources */,
			);
			runOnlyForDeploymentPostprocessing = 0;
		};
		3460A2C21BA339F700D9C8E1 /* Sources */ = {
			isa = PBXSourcesBuildPhase;
			buildActionMask = 2147483647;
			files = (
				3460A31D1BA5C0DE00D9C8E1 /* TTRootViewControllerTests.swift in Sources */,
				3460A2CB1BA339F700D9C8E1 /* TTCoreDataStackTests.swift in Sources */,
				340161671BA5C39400FAB950 /* ToDoEmptyViewTests.swift in Sources */,
			);
			runOnlyForDeploymentPostprocessing = 0;
		};
/* End PBXSourcesBuildPhase section */

/* Begin PBXTargetDependency section */
		3460A2C81BA339F700D9C8E1 /* PBXTargetDependency */ = {
			isa = PBXTargetDependency;
			target = 3460A2AC1BA339F600D9C8E1 /* TTTask */;
			targetProxy = 3460A2C71BA339F700D9C8E1 /* PBXContainerItemProxy */;
		};
/* End PBXTargetDependency section */

/* Begin PBXVariantGroup section */
		3460A2B91BA339F600D9C8E1 /* Main.storyboard */ = {
			isa = PBXVariantGroup;
			children = (
				3460A2BA1BA339F600D9C8E1 /* Base */,
			);
			name = Main.storyboard;
			sourceTree = "<group>";
		};
		3460A2BE1BA339F600D9C8E1 /* LaunchScreen.storyboard */ = {
			isa = PBXVariantGroup;
			children = (
				3460A2BF1BA339F600D9C8E1 /* Base */,
			);
			name = LaunchScreen.storyboard;
			sourceTree = "<group>";
		};
/* End PBXVariantGroup section */

/* Begin XCBuildConfiguration section */
		3460A2D81BA339F700D9C8E1 /* Debug */ = {
			isa = XCBuildConfiguration;
			buildSettings = {
				ALWAYS_SEARCH_USER_PATHS = NO;
				CLANG_CXX_LANGUAGE_STANDARD = "gnu++0x";
				CLANG_CXX_LIBRARY = "libc++";
				CLANG_ENABLE_MODULES = YES;
				CLANG_ENABLE_OBJC_ARC = YES;
				CLANG_WARN_BOOL_CONVERSION = YES;
				CLANG_WARN_CONSTANT_CONVERSION = YES;
				CLANG_WARN_DIRECT_OBJC_ISA_USAGE = YES_ERROR;
				CLANG_WARN_EMPTY_BODY = YES;
				CLANG_WARN_ENUM_CONVERSION = YES;
				CLANG_WARN_INT_CONVERSION = YES;
				CLANG_WARN_OBJC_ROOT_CLASS = YES_ERROR;
				CLANG_WARN_UNREACHABLE_CODE = YES;
				CLANG_WARN__DUPLICATE_METHOD_MATCH = YES;
				"CODE_SIGN_IDENTITY[sdk=iphoneos*]" = "iPhone Developer";
				COPY_PHASE_STRIP = NO;
				DEBUG_INFORMATION_FORMAT = dwarf;
				ENABLE_STRICT_OBJC_MSGSEND = YES;
				ENABLE_TESTABILITY = YES;
				GCC_C_LANGUAGE_STANDARD = gnu99;
				GCC_DYNAMIC_NO_PIC = NO;
				GCC_NO_COMMON_BLOCKS = YES;
				GCC_OPTIMIZATION_LEVEL = 0;
				GCC_PREPROCESSOR_DEFINITIONS = (
					"DEBUG=1",
					"$(inherited)",
				);
				GCC_WARN_64_TO_32_BIT_CONVERSION = YES;
				GCC_WARN_ABOUT_RETURN_TYPE = YES_ERROR;
				GCC_WARN_UNDECLARED_SELECTOR = YES;
				GCC_WARN_UNINITIALIZED_AUTOS = YES_AGGRESSIVE;
				GCC_WARN_UNUSED_FUNCTION = YES;
				GCC_WARN_UNUSED_VARIABLE = YES;
				IPHONEOS_DEPLOYMENT_TARGET = 9.0;
				MTL_ENABLE_DEBUG_INFO = YES;
				ONLY_ACTIVE_ARCH = YES;
				SDKROOT = iphoneos;
				SWIFT_OPTIMIZATION_LEVEL = "-Onone";
			};
			name = Debug;
		};
		3460A2D91BA339F700D9C8E1 /* Release */ = {
			isa = XCBuildConfiguration;
			buildSettings = {
				ALWAYS_SEARCH_USER_PATHS = NO;
				CLANG_CXX_LANGUAGE_STANDARD = "gnu++0x";
				CLANG_CXX_LIBRARY = "libc++";
				CLANG_ENABLE_MODULES = YES;
				CLANG_ENABLE_OBJC_ARC = YES;
				CLANG_WARN_BOOL_CONVERSION = YES;
				CLANG_WARN_CONSTANT_CONVERSION = YES;
				CLANG_WARN_DIRECT_OBJC_ISA_USAGE = YES_ERROR;
				CLANG_WARN_EMPTY_BODY = YES;
				CLANG_WARN_ENUM_CONVERSION = YES;
				CLANG_WARN_INT_CONVERSION = YES;
				CLANG_WARN_OBJC_ROOT_CLASS = YES_ERROR;
				CLANG_WARN_UNREACHABLE_CODE = YES;
				CLANG_WARN__DUPLICATE_METHOD_MATCH = YES;
				"CODE_SIGN_IDENTITY[sdk=iphoneos*]" = "iPhone Developer";
				COPY_PHASE_STRIP = NO;
				DEBUG_INFORMATION_FORMAT = "dwarf-with-dsym";
				ENABLE_NS_ASSERTIONS = NO;
				ENABLE_STRICT_OBJC_MSGSEND = YES;
				GCC_C_LANGUAGE_STANDARD = gnu99;
				GCC_NO_COMMON_BLOCKS = YES;
				GCC_WARN_64_TO_32_BIT_CONVERSION = YES;
				GCC_WARN_ABOUT_RETURN_TYPE = YES_ERROR;
				GCC_WARN_UNDECLARED_SELECTOR = YES;
				GCC_WARN_UNINITIALIZED_AUTOS = YES_AGGRESSIVE;
				GCC_WARN_UNUSED_FUNCTION = YES;
				GCC_WARN_UNUSED_VARIABLE = YES;
				IPHONEOS_DEPLOYMENT_TARGET = 9.0;
				MTL_ENABLE_DEBUG_INFO = NO;
				SDKROOT = iphoneos;
				VALIDATE_PRODUCT = YES;
			};
			name = Release;
		};
		3460A2DB1BA339F700D9C8E1 /* Debug */ = {
			isa = XCBuildConfiguration;
			buildSettings = {
				ASSETCATALOG_COMPILER_APPICON_NAME = AppIcon;
				INFOPLIST_FILE = TTTask/Info.plist;
				LD_RUNPATH_SEARCH_PATHS = "$(inherited) @executable_path/Frameworks";
				PRODUCT_BUNDLE_IDENTIFIER = pl.maciejbanasiewicz.TTTask;
				PRODUCT_NAME = "$(TARGET_NAME)";
				TARGETED_DEVICE_FAMILY = 1;
			};
			name = Debug;
		};
		3460A2DC1BA339F700D9C8E1 /* Release */ = {
			isa = XCBuildConfiguration;
			buildSettings = {
				ASSETCATALOG_COMPILER_APPICON_NAME = AppIcon;
				INFOPLIST_FILE = TTTask/Info.plist;
				LD_RUNPATH_SEARCH_PATHS = "$(inherited) @executable_path/Frameworks";
				PRODUCT_BUNDLE_IDENTIFIER = pl.maciejbanasiewicz.TTTask;
				PRODUCT_NAME = "$(TARGET_NAME)";
				TARGETED_DEVICE_FAMILY = 1;
			};
			name = Release;
		};
		3460A2DE1BA339F700D9C8E1 /* Debug */ = {
			isa = XCBuildConfiguration;
			buildSettings = {
				BUNDLE_LOADER = "$(TEST_HOST)";
				INFOPLIST_FILE = TTTaskTests/Info.plist;
				LD_RUNPATH_SEARCH_PATHS = "$(inherited) @executable_path/Frameworks @loader_path/Frameworks";
				PRODUCT_BUNDLE_IDENTIFIER = pl.maciejbanasiewicz.TTTaskTests;
				PRODUCT_NAME = "$(TARGET_NAME)";
				TEST_HOST = "$(BUILT_PRODUCTS_DIR)/TTTask.app/TTTask";
			};
			name = Debug;
		};
		3460A2DF1BA339F700D9C8E1 /* Release */ = {
			isa = XCBuildConfiguration;
			buildSettings = {
				BUNDLE_LOADER = "$(TEST_HOST)";
				INFOPLIST_FILE = TTTaskTests/Info.plist;
				LD_RUNPATH_SEARCH_PATHS = "$(inherited) @executable_path/Frameworks @loader_path/Frameworks";
				PRODUCT_BUNDLE_IDENTIFIER = pl.maciejbanasiewicz.TTTaskTests;
				PRODUCT_NAME = "$(TARGET_NAME)";
				TEST_HOST = "$(BUILT_PRODUCTS_DIR)/TTTask.app/TTTask";
			};
			name = Release;
		};
/* End XCBuildConfiguration section */

/* Begin XCConfigurationList section */
		3460A2A81BA339F600D9C8E1 /* Build configuration list for PBXProject "TTTask" */ = {
			isa = XCConfigurationList;
			buildConfigurations = (
				3460A2D81BA339F700D9C8E1 /* Debug */,
				3460A2D91BA339F700D9C8E1 /* Release */,
			);
			defaultConfigurationIsVisible = 0;
			defaultConfigurationName = Release;
		};
		3460A2DA1BA339F700D9C8E1 /* Build configuration list for PBXNativeTarget "TTTask" */ = {
			isa = XCConfigurationList;
			buildConfigurations = (
				3460A2DB1BA339F700D9C8E1 /* Debug */,
				3460A2DC1BA339F700D9C8E1 /* Release */,
			);
			defaultConfigurationIsVisible = 0;
			defaultConfigurationName = Release;
		};
		3460A2DD1BA339F700D9C8E1 /* Build configuration list for PBXNativeTarget "TTTaskTests" */ = {
			isa = XCConfigurationList;
			buildConfigurations = (
				3460A2DE1BA339F700D9C8E1 /* Debug */,
				3460A2DF1BA339F700D9C8E1 /* Release */,
			);
			defaultConfigurationIsVisible = 0;
			defaultConfigurationName = Release;
		};
/* End XCConfigurationList section */

/* Begin XCVersionGroup section */
		3460A2B21BA339F600D9C8E1 /* TTTask.xcdatamodeld */ = {
			isa = XCVersionGroup;
			children = (
				3460A2FA1BA34D9A00D9C8E1 /* TTTask 1.4.xcdatamodel */,
				3460A2F71BA34CEE00D9C8E1 /* TTTask 1.3.xcdatamodel */,
				3460A2F61BA34C2900D9C8E1 /* TTTask 1.2.xcdatamodel */,
				3460A2F31BA3401200D9C8E1 /* TTTask 1.1.xcdatamodel */,
				3460A2B31BA339F600D9C8E1 /* TTTask.xcdatamodel */,
			);
			currentVersion = 3460A2FA1BA34D9A00D9C8E1 /* TTTask 1.4.xcdatamodel */;
			path = TTTask.xcdatamodeld;
			sourceTree = "<group>";
			versionGroupType = wrapper.xcdatamodel;
		};
/* End XCVersionGroup section */
	};
	rootObject = 3460A2A51BA339F600D9C8E1 /* Project object */;
}
